
Microsoft Visual Studio Solution File, Format Version 12.00
# Visual Studio Version 17
VisualStudioVersion = 17.8.34408.163
MinimumVisualStudioVersion = 10.0.40219.1
Project("{FAE04EC0-301F-11D3-BF4B-00C04F79EFBC}") = "WepAppTest", "WepAppTest\WepAppTest.csproj", "{706CD2D6-E41B-4C88-8246-4238C88ADA28}"
EndProject
Global
	GlobalSection(SolutionConfigurationPlatforms) = preSolution
		Debug|Any CPU = Debug|Any CPU
		Release|Any CPU = Release|Any CPU
	EndGlobalSection
	GlobalSection(ProjectConfigurationPlatforms) = postSolution
		{706CD2D6-E41B-4C88-8246-4238C88ADA28}.Debug|Any CPU.ActiveCfg = Debug|Any CPU
		{706CD2D6-E41B-4C88-8246-4238C88ADA28}.Debug|Any CPU.Build.0 = Debug|Any CPU
		{706CD2D6-E41B-4C88-8246-4238C88ADA28}.Release|Any CPU.ActiveCfg = Release|Any CPU
		{706CD2D6-E41B-4C88-8246-4238C88ADA28}.Release|Any CPU.Build.0 = Release|Any CPU
	EndGlobalSection
	GlobalSection(SolutionProperties) = preSolution
		HideSolutionNode = FALSE
	EndGlobalSection
	GlobalSection(ExtensibilityGlobals) = postSolution
		SolutionGuid = {49BBE8CA-2AD2-42F5-985D-0D07DD48C34B}
	EndGlobalSection
EndGlobal
